
Microsoft Visual Studio Solution File, Format Version 12.00
# Visual Studio 15
VisualStudioVersion = 15.0.28010.2016
MinimumVisualStudioVersion = 10.0.40219.1
Project("{FAE04EC0-301F-11D3-BF4B-00C04F79EFBC}") = "BilletLibrary", "BilletLibrary\BilletLibrary.csproj", "{BC00711F-FE23-41C5-A987-C7BDC23536C0}"
EndProject
Global
	GlobalSection(SolutionConfigurationPlatforms) = preSolution
		Debug|Any CPU = Debug|Any CPU
		Release|Any CPU = Release|Any CPU
	EndGlobalSection
	GlobalSection(ProjectConfigurationPlatforms) = postSolution
		{BC00711F-FE23-41C5-A987-C7BDC23536C0}.Debug|Any CPU.ActiveCfg = Debug|Any CPU
		{BC00711F-FE23-41C5-A987-C7BDC23536C0}.Debug|Any CPU.Build.0 = Debug|Any CPU
		{BC00711F-FE23-41C5-A987-C7BDC23536C0}.Release|Any CPU.ActiveCfg = Release|Any CPU
		{BC00711F-FE23-41C5-A987-C7BDC23536C0}.Release|Any CPU.Build.0 = Release|Any CPU
	EndGlobalSection
	GlobalSection(SolutionProperties) = preSolution
		HideSolutionNode = FALSE
	EndGlobalSection
	GlobalSection(ExtensibilityGlobals) = postSolution
		SolutionGuid = {406F7864-24F9-4D9A-AA2C-EDBBE13FEFA1}
	EndGlobalSection
EndGlobal
